
Microsoft Visual Studio Solution File, Format Version 12.00
# Visual Studio Version 16
VisualStudioVersion = 16.0.30320.27
MinimumVisualStudioVersion = 10.0.40219.1
Project("{FAE04EC0-301F-11D3-BF4B-00C04F79EFBC}") = "CatjiApi", "CatjiApi.csproj", "{2D524920-4F31-439A-9CCF-E3B2668A6FB8}"
EndProject
Global
	GlobalSection(SolutionConfigurationPlatforms) = preSolution
		Debug|Any CPU = Debug|Any CPU
		Release|Any CPU = Release|Any CPU
	EndGlobalSection
	GlobalSection(ProjectConfigurationPlatforms) = postSolution
		{2D524920-4F31-439A-9CCF-E3B2668A6FB8}.Debug|Any CPU.ActiveCfg = Debug|Any CPU
		{2D524920-4F31-439A-9CCF-E3B2668A6FB8}.Debug|Any CPU.Build.0 = Debug|Any CPU
		{2D524920-4F31-439A-9CCF-E3B2668A6FB8}.Release|Any CPU.ActiveCfg = Release|Any CPU
		{2D524920-4F31-439A-9CCF-E3B2668A6FB8}.Release|Any CPU.Build.0 = Release|Any CPU
	EndGlobalSection
	GlobalSection(SolutionProperties) = preSolution
		HideSolutionNode = FALSE
	EndGlobalSection
	GlobalSection(ExtensibilityGlobals) = postSolution
		SolutionGuid = {F8A6D71E-A905-44BB-9ECA-DFB85D1CE90E}
	EndGlobalSection
EndGlobal
